<?xml version="1.0" encoding="utf-8"?>
<Project ToolsVersion="4.0" xmlns="http://schemas.microsoft.com/developer/msbuild/2003">
  <ItemGroup>
    <Filter Include="源文件">
      <UniqueIdentifier>{4FC737F1-C7A5-4376-A066-2A32D752A2FF}</UniqueIdentifier>
      <Extensions>cpp;c;cc;cxx;def;odl;idl;hpj;bat;asm;asmx</Extensions>
    </Filter>
    <Filter Include="头文件">
      <UniqueIdentifier>{93995380-89BD-4b04-88EB-625FBE52EBFB}</UniqueIdentifier>
      <Extensions>h;hh;hpp;hxx;hm;inl;inc;xsd</Extensions>
    </Filter>
    <Filter Include="资源文件">
      <UniqueIdentifier>{67DA6AB6-F800-4c08-8B7A-83BB121AAD01}</UniqueIdentifier>
      <Extensions>rc;ico;cur;bmp;dlg;rc2;rct;bin;rgs;gif;jpg;jpeg;jpe;resx;tiff;tif;png;wav;mfcribbon-ms</Extensions>
    </Filter>
    <Filter Include="头文件\7zip Common">
      <UniqueIdentifier>{86354087-538d-4092-b70b-c8e01722f4bc}</UniqueIdentifier>
    </Filter>
    <Filter Include="头文件\Common">
      <UniqueIdentifier>{67ffac8e-33e9-4f70-ad31-32a74c91273b}</UniqueIdentifier>
    </Filter>
    <Filter Include="头文件\Windows">
      <UniqueIdentifier>{a1a54b0a-2de6-443b-85e1-ef8efcff293a}</UniqueIdentifier>
    </Filter>
    <Filter Include="头文件\Nsis">
      <UniqueIdentifier>{5bead7db-da2c-44f5-8d79-8e623904cc2c}</UniqueIdentifier>
    </Filter>
    <Filter Include="头文件\Interface">
      <UniqueIdentifier>{90c14fb8-f0d7-4318-adb7-a59587d3d557}</UniqueIdentifier>
    </Filter>
    <Filter Include="头文件\Nsis7zLog">
      <UniqueIdentifier>{85472578-9547-447a-9570-28cd6c983fa9}</UniqueIdentifier>
    </Filter>
  </ItemGroup>
  <ItemGroup>
    <Text Include="ReadMe.txt" />
  </ItemGroup>
  <ItemGroup>
    <ClInclude Include="stdafx.h">
      <Filter>头文件</Filter>
    </ClInclude>
    <ClInclude Include="targetver.h">
      <Filter>头文件</Filter>
    </ClInclude>
    <ClInclude Include="..\..\..\Common\IntToString.h">
      <Filter>头文件\Common</Filter>
    </ClInclude>
    <ClInclude Include="..\..\..\Common\MyString.h">
      <Filter>头文件\Common</Filter>
    </ClInclude>
    <ClInclude Include="..\..\..\Common\MyVector.h">
      <Filter>头文件\Common</Filter>
    </ClInclude>
    <ClInclude Include="..\..\..\Common\NewHandler.h">
      <Filter>头文件\Common</Filter>
    </ClInclude>
    <ClInclude Include="..\..\..\Common\StringConvert.h">
      <Filter>头文件\Common</Filter>
    </ClInclude>
    <ClInclude Include="..\..\..\Common\Wildcard.h">
      <Filter>头文件\Common</Filter>
    </ClInclude>
    <ClInclude Include="..\..\..\Windows\DLL.h">
      <Filter>头文件\Windows</Filter>
    </ClInclude>
    <ClInclude Include="..\..\..\Windows\FileDir.h">
      <Filter>头文件\Windows</Filter>
    </ClInclude>
    <ClInclude Include="..\..\..\Windows\FileFind.h">
      <Filter>头文件\Windows</Filter>
    </ClInclude>
    <ClInclude Include="..\..\..\Windows\FileIO.h">
      <Filter>头文件\Windows</Filter>
    </ClInclude>
    <ClInclude Include="..\..\..\Windows\FileName.h">
      <Filter>头文件\Windows</Filter>
    </ClInclude>
    <ClInclude Include="..\..\..\Windows\PropVariant.h">
      <Filter>头文件\Windows</Filter>
    </ClInclude>
    <ClInclude Include="..\..\..\Windows\PropVariantConv.h">
      <Filter>头文件\Windows</Filter>
    </ClInclude>
    <ClInclude Include="..\..\Common\FileStreams.h">
      <Filter>头文件\7zip Common</Filter>
    </ClInclude>
    <ClInclude Include="..\..\IStream.h">
      <Filter>头文件\7zip Common</Filter>
    </ClInclude>
    <ClInclude Include="Nsis7zApi.h">
      <Filter>头文件\Interface</Filter>
    </ClInclude>
    <ClInclude Include="api.h">
      <Filter>头文件\Nsis</Filter>
    </ClInclude>
    <ClInclude Include="pluginapi.h">
      <Filter>头文件\Nsis</Filter>
    </ClInclude>
    <ClInclude Include="Nsis7zLog.h">
      <Filter>头文件\Nsis7zLog</Filter>
    </ClInclude>
  </ItemGroup>
  <ItemGroup>
    <ClCompile Include="stdafx.cpp">
      <Filter>源文件</Filter>
    </ClCompile>
    <ClCompile Include="Nsis7zP.cpp">
      <Filter>源文件</Filter>
    </ClCompile>
    <ClCompile Include="dllmain.cpp">
      <Filter>源文件</Filter>
    </ClCompile>
    <ClCompile Include="..\..\..\Common\IntToString.cpp">
      <Filter>头文件\Common</Filter>
    </ClCompile>
    <ClCompile Include="..\..\..\Common\MyString.cpp">
      <Filter>头文件\Common</Filter>
    </ClCompile>
    <ClCompile Include="..\..\..\Common\MyVector.cpp">
      <Filter>头文件\Common</Filter>
    </ClCompile>
    <ClCompile Include="..\..\..\Common\NewHandler.cpp">
      <Filter>头文件\Common</Filter>
    </ClCompile>
    <ClCompile Include="..\..\..\Common\StringConvert.cpp">
      <Filter>头文件\Common</Filter>
    </ClCompile>
    <ClCompile Include="..\..\..\Common\Wildcard.cpp">
      <Filter>头文件\Common</Filter>
    </ClCompile>
    <ClCompile Include="..\..\..\Windows\DLL.cpp">
      <Filter>头文件\Windows</Filter>
    </ClCompile>
    <ClCompile Include="..\..\..\Windows\FileDir.cpp">
      <Filter>头文件\Windows</Filter>
    </ClCompile>
    <ClCompile Include="..\..\..\Windows\FileFind.cpp">
      <Filter>头文件\Windows</Filter>
    </ClCompile>
    <ClCompile Include="..\..\..\Windows\FileIO.cpp">
      <Filter>头文件\Windows</Filter>
    </ClCompile>
    <ClCompile Include="..\..\..\Windows\FileName.cpp">
      <Filter>头文件\Windows</Filter>
    </ClCompile>
    <ClCompile Include="..\..\..\Windows\PropVariant.cpp">
      <Filter>头文件\Windows</Filter>
    </ClCompile>
    <ClCompile Include="..\..\..\Windows\PropVariantConv.cpp">
      <Filter>头文件\Windows</Filter>
    </ClCompile>
    <ClCompile Include="..\..\Common\FileStreams.cpp">
      <Filter>头文件\7zip Common</Filter>
    </ClCompile>
    <ClCompile Include="pluginapi.c">
      <Filter>头文件\Nsis</Filter>
    </ClCompile>
    <ClCompile Include="Nsis7zLog.cpp">
      <Filter>头文件\Nsis7zLog</Filter>
    </ClCompile>
  </ItemGroup>
  <ItemGroup>
    <None Include="Nsis7z.def">
      <Filter>源文件</Filter>
    </None>
  </ItemGroup>
</Project>